// !$*UTF8*$!
{
	archiveVersion = 1;
	classes = {
	};
	objectVersion = 46;
	objects = {

/* Begin PBXBuildFile section */
		849B76881DC1DAB8001AAEB9 /* AppDelegate.swift in Sources */ = {isa = PBXBuildFile; fileRef = 849B76871DC1DAB8001AAEB9 /* AppDelegate.swift */; };
		849B768A1DC1DAB8001AAEB9 /* ViewController.swift in Sources */ = {isa = PBXBuildFile; fileRef = 849B76891DC1DAB8001AAEB9 /* ViewController.swift */; };
		849B768D1DC1DAB8001AAEB9 /* Main.storyboard in Resources */ = {isa = PBXBuildFile; fileRef = 849B768B1DC1DAB8001AAEB9 /* Main.storyboard */; };
		849B768F1DC1DAB8001AAEB9 /* Assets.xcassets in Resources */ = {isa = PBXBuildFile; fileRef = 849B768E1DC1DAB8001AAEB9 /* Assets.xcassets */; };
		849B76921DC1DAB8001AAEB9 /* LaunchScreen.storyboard in Resources */ = {isa = PBXBuildFile; fileRef = 849B76901DC1DAB8001AAEB9 /* LaunchScreen.storyboard */; };
		849B769B1DC1DE92001AAEB9 /* AVFoundation.framework in Frameworks */ = {isa = PBXBuildFile; fileRef = 849B769A1DC1DE92001AAEB9 /* AVFoundation.framework */; };
		849B769D1DC1F980001AAEB9 /* WebViewController.swift in Sources */ = {isa = PBXBuildFile; fileRef = 849B769C1DC1F980001AAEB9 /* WebViewController.swift */; };
/* End PBXBuildFile section */

/* Begin PBXFileReference section */
		849B76841DC1DAB8001AAEB9 /* QRCodeReader.app */ = {isa = PBXFileReference; explicitFileType = wrapper.application; includeInIndex = 0; path = QRCodeReader.app; sourceTree = BUILT_PRODUCTS_DIR; };
		849B76871DC1DAB8001AAEB9 /* AppDelegate.swift */ = {isa = PBXFileReference; lastKnownFileType = sourcecode.swift; path = AppDelegate.swift; sourceTree = "<group>"; };
		849B76891DC1DAB8001AAEB9 /* ViewController.swift */ = {isa = PBXFileReference; lastKnownFileType = sourcecode.swift; path = ViewController.swift; sourceTree = "<group>"; };
		849B768C1DC1DAB8001AAEB9 /* Base */ = {isa = PBXFileReference; lastKnownFileType = file.storyboard; name = Base; path = Base.lproj/Main.storyboard; sourceTree = "<group>"; };
		849B768E1DC1DAB8001AAEB9 /* Assets.xcassets */ = {isa = PBXFileReference; lastKnownFileType = folder.assetcatalog; path = Assets.xcassets; sourceTree = "<group>"; };
		849B76911DC1DAB8001AAEB9 /* Base */ = {isa = PBXFileReference; lastKnownFileType = file.storyboard; name = Base; path = Base.lproj/LaunchScreen.storyboard; sourceTree = "<group>"; };
		849B76931DC1DAB8001AAEB9 /* Info.plist */ = {isa = PBXFileReference; lastKnownFileType = text.plist.xml; path = Info.plist; sourceTree = "<group>"; };
		849B769A1DC1DE92001AAEB9 /* AVFoundation.framework */ = {isa = PBXFileReference; lastKnownFileType = wrapper.framework; name = AVFoundation.framework; path = System/Library/Frameworks/AVFoundation.framework; sourceTree = SDKROOT; };
		849B769C1DC1F980001AAEB9 /* WebViewController.swift */ = {isa = PBXFileReference; fileEncoding = 4; lastKnownFileType = sourcecode.swift; name = WebViewController.swift; path = ../WebViewController.swift; sourceTree = "<group>"; };
/* End PBXFileReference section */

/* Begin PBXFrameworksBuildPhase section */
		849B76811DC1DAB7001AAEB9 /* Frameworks */ = {
			isa = PBXFrameworksBuildPhase;
			buildActionMask = 2147483647;
			files = (
				849B769B1DC1DE92001AAEB9 /* AVFoundation.framework in Frameworks */,
			);
			runOnlyForDeploymentPostprocessing = 0;
		};
/* End PBXFrameworksBuildPhase section */

/* Begin PBXGroup section */
		849B767B1DC1DAB7001AAEB9 = {
			isa = PBXGroup;
			children = (
				849B76861DC1DAB8001AAEB9 /* QRCodeReader */,
				849B76851DC1DAB8001AAEB9 /* Products */,
				849B76991DC1DE92001AAEB9 /* Frameworks */,
			);
			sourceTree = "<group>";
		};
		849B76851DC1DAB8001AAEB9 /* Products */ = {
			isa = PBXGroup;
			children = (
				849B76841DC1DAB8001AAEB9 /* QRCodeReader.app */,
			);
			name = Products;
			sourceTree = "<group>";
		};
		849B76861DC1DAB8001AAEB9 /* QRCodeReader */ = {
			isa = PBXGroup;
			children = (
				849B76871DC1DAB8001AAEB9 /* AppDelegate.swift */,
				849B76891DC1DAB8001AAEB9 /* ViewController.swift */,
				849B769C1DC1F980001AAEB9 /* WebViewController.swift */,
				849B768B1DC1DAB8001AAEB9 /* Main.storyboard */,
				849B768E1DC1DAB8001AAEB9 /* Assets.xcassets */,
				849B76901DC1DAB8001AAEB9 /* LaunchScreen.storyboard */,
				849B76931DC1DAB8001AAEB9 /* Info.plist */,
			);
			path = QRCodeReader;
			sourceTree = "<group>";
		};
		849B76991DC1DE92001AAEB9 /* Frameworks */ = {
			isa = PBXGroup;
			children = (
				849B769A1DC1DE92001AAEB9 /* AVFoundation.framework */,
			);
			name = Frameworks;
			sourceTree = "<group>";
		};
/* End PBXGroup section */

/* Begin PBXNativeTarget section */
		849B76831DC1DAB7001AAEB9 /* QRCodeReader */ = {
			isa = PBXNativeTarget;
			buildConfigurationList = 849B76961DC1DAB8001AAEB9 /* Build configuration list for PBXNativeTarget "QRCodeReader" */;
			buildPhases = (
				849B76801DC1DAB7001AAEB9 /* Sources */,
				849B76811DC1DAB7001AAEB9 /* Frameworks */,
				849B76821DC1DAB7001AAEB9 /* Resources */,
			);
			buildRules = (
			);
			dependencies = (
			);
			name = QRCodeReader;
			productName = QRCodeReader;
			productReference = 849B76841DC1DAB8001AAEB9 /* QRCodeReader.app */;
			productType = "com.apple.product-type.application";
		};
/* End PBXNativeTarget section */

/* Begin PBXProject section */
		849B767C1DC1DAB7001AAEB9 /* Project object */ = {
			isa = PBXProject;
			attributes = {
				LastSwiftUpdateCheck = 0800;
				LastUpgradeCheck = 0800;
				ORGANIZATIONNAME = "Moteza Araby";
				TargetAttributes = {
					849B76831DC1DAB7001AAEB9 = {
						CreatedOnToolsVersion = 8.0;
						DevelopmentTeam = 53ECQCJXJ4;
						ProvisioningStyle = Automatic;
					};
				};
			};
			buildConfigurationList = 849B767F1DC1DAB7001AAEB9 /* Build configuration list for PBXProject "QRCodeReader" */;
			compatibilityVersion = "Xcode 3.2";
			developmentRegion = English;
			hasScannedForEncodings = 0;
			knownRegions = (
				en,
				Base,
			);
			mainGroup = 849B767B1DC1DAB7001AAEB9;
			productRefGroup = 849B76851DC1DAB8001AAEB9 /* Products */;
			projectDirPath = "";
			projectRoot = "";
			targets = (
				849B76831DC1DAB7001AAEB9 /* QRCodeReader */,
			);
		};
/* End PBXProject section */

/* Begin PBXResourcesBuildPhase section */
		849B76821DC1DAB7001AAEB9 /* Resources */ = {
			isa = PBXResourcesBuildPhase;
			buildActionMask = 2147483647;
			files = (
				849B76921DC1DAB8001AAEB9 /* LaunchScreen.storyboard in Resources */,
				849B768F1DC1DAB8001AAEB9 /* Assets.xcassets in Resources */,
				849B768D1DC1DAB8001AAEB9 /* Main.storyboard in Resources */,
			);
			runOnlyForDeploymentPostprocessing = 0;
		};
/* End PBXResourcesBuildPhase section */

/* Begin PBXSourcesBuildPhase section */
		849B76801DC1DAB7001AAEB9 /* Sources */ = {
			isa = PBXSourcesBuildPhase;
			buildActionMask = 2147483647;
			files = (
				849B768A1DC1DAB8001AAEB9 /* ViewController.swift in Sources */,
				849B769D1DC1F980001AAEB9 /* WebViewController.swift in Sources */,
				849B76881DC1DAB8001AAEB9 /* AppDelegate.swift in Sources */,
			);
			runOnlyForDeploymentPostprocessing = 0;
		};
/* End PBXSourcesBuildPhase section */

/* Begin PBXVariantGroup section */
		849B768B1DC1DAB8001AAEB9 /* Main.storyboard */ = {
			isa = PBXVariantGroup;
			children = (
				849B768C1DC1DAB8001AAEB9 /* Base */,
			);
			name = Main.storyboard;
			sourceTree = "<group>";
		};
		849B76901DC1DAB8001AAEB9 /* LaunchScreen.storyboard */ = {
			isa = PBXVariantGroup;
			children = (
				849B76911DC1DAB8001AAEB9 /* Base */,
			);
			name = LaunchScreen.storyboard;
			sourceTree = "<group>";
		};
/* End PBXVariantGroup section */

/* Begin XCBuildConfiguration section */
		849B76941DC1DAB8001AAEB9 /* Debug */ = {
			isa = XCBuildConfiguration;
			buildSettings = {
				ALWAYS_SEARCH_USER_PATHS = NO;
				CLANG_ANALYZER_NONNULL = YES;
				CLANG_CXX_LANGUAGE_STANDARD = "gnu++0x";
				CLANG_CXX_LIBRARY = "libc++";
				CLANG_ENABLE_MODULES = YES;
				CLANG_ENABLE_OBJC_ARC = YES;
				CLANG_WARN_BOOL_CONVERSION = YES;
				CLANG_WARN_CONSTANT_CONVERSION = YES;
				CLANG_WARN_DIRECT_OBJC_ISA_USAGE = YES_ERROR;
				CLANG_WARN_DOCUMENTATION_COMMENTS = YES;
				CLANG_WARN_EMPTY_BODY = YES;
				CLANG_WARN_ENUM_CONVERSION = YES;
				CLANG_WARN_INFINITE_RECURSION = YES;
				CLANG_WARN_INT_CONVERSION = YES;
				CLANG_WARN_OBJC_ROOT_CLASS = YES_ERROR;
				CLANG_WARN_SUSPICIOUS_MOVES = YES;
				CLANG_WARN_UNREACHABLE_CODE = YES;
				CLANG_WARN__DUPLICATE_METHOD_MATCH = YES;
				"CODE_SIGN_IDENTITY[sdk=iphoneos*]" = "iPhone Developer";
				COPY_PHASE_STRIP = NO;
				DEBUG_INFORMATION_FORMAT = dwarf;
				ENABLE_STRICT_OBJC_MSGSEND = YES;
				ENABLE_TESTABILITY = YES;
				GCC_C_LANGUAGE_STANDARD = gnu99;
				GCC_DYNAMIC_NO_PIC = NO;
				GCC_NO_COMMON_BLOCKS = YES;
				GCC_OPTIMIZATION_LEVEL = 0;
				GCC_PREPROCESSOR_DEFINITIONS = (
					"DEBUG=1",
					"$(inherited)",
				);
				GCC_WARN_64_TO_32_BIT_CONVERSION = YES;
				GCC_WARN_ABOUT_RETURN_TYPE = YES_ERROR;
				GCC_WARN_UNDECLARED_SELECTOR = YES;
				GCC_WARN_UNINITIALIZED_AUTOS = YES_AGGRESSIVE;
				GCC_WARN_UNUSED_FUNCTION = YES;
				GCC_WARN_UNUSED_VARIABLE = YES;
				IPHONEOS_DEPLOYMENT_TARGET = 10.0;
				MTL_ENABLE_DEBUG_INFO = YES;
				ONLY_ACTIVE_ARCH = YES;
				SDKROOT = iphoneos;
				SWIFT_ACTIVE_COMPILATION_CONDITIONS = DEBUG;
				SWIFT_OPTIMIZATION_LEVEL = "-Onone";
				TARGETED_DEVICE_FAMILY = "1,2";
			};
			name = Debug;
		};
		849B76951DC1DAB8001AAEB9 /* Release */ = {
			isa = XCBuildConfiguration;
			buildSettings = {
				ALWAYS_SEARCH_USER_PATHS = NO;
				CLANG_ANALYZER_NONNULL = YES;
				CLANG_CXX_LANGUAGE_STANDARD = "gnu++0x";
				CLANG_CXX_LIBRARY = "libc++";
				CLANG_ENABLE_MODULES = YES;
				CLANG_ENABLE_OBJC_ARC = YES;
				CLANG_WARN_BOOL_CONVERSION = YES;
				CLANG_WARN_CONSTANT_CONVERSION = YES;
				CLANG_WARN_DIRECT_OBJC_ISA_USAGE = YES_ERROR;
				CLANG_WARN_DOCUMENTATION_COMMENTS = YES;
				CLANG_WARN_EMPTY_BODY = YES;
				CLANG_WARN_ENUM_CONVERSION = YES;
				CLANG_WARN_INFINITE_RECURSION = YES;
				CLANG_WARN_INT_CONVERSION = YES;
				CLANG_WARN_OBJC_ROOT_CLASS = YES_ERROR;
				CLANG_WARN_SUSPICIOUS_MOVES = YES;
				CLANG_WARN_UNREACHABLE_CODE = YES;
				CLANG_WARN__DUPLICATE_METHOD_MATCH = YES;
				"CODE_SIGN_IDENTITY[sdk=iphoneos*]" = "iPhone Developer";
				COPY_PHASE_STRIP = NO;
				DEBUG_INFORMATION_FORMAT = "dwarf-with-dsym";
				ENABLE_NS_ASSERTIONS = NO;
				ENABLE_STRICT_OBJC_MSGSEND = YES;
				GCC_C_LANGUAGE_STANDARD = gnu99;
				GCC_NO_COMMON_BLOCKS = YES;
				GCC_WARN_64_TO_32_BIT_CONVERSION = YES;
				GCC_WARN_ABOUT_RETURN_TYPE = YES_ERROR;
				GCC_WARN_UNDECLARED_SELECTOR = YES;
				GCC_WARN_UNINITIALIZED_AUTOS = YES_AGGRESSIVE;
				GCC_WARN_UNUSED_FUNCTION = YES;
				GCC_WARN_UNUSED_VARIABLE = YES;
				IPHONEOS_DEPLOYMENT_TARGET = 10.0;
				MTL_ENABLE_DEBUG_INFO = NO;
				SDKROOT = iphoneos;
				SWIFT_OPTIMIZATION_LEVEL = "-Owholemodule";
				TARGETED_DEVICE_FAMILY = "1,2";
				VALIDATE_PRODUCT = YES;
			};
			name = Release;
		};
		849B76971DC1DAB8001AAEB9 /* Debug */ = {
			isa = XCBuildConfiguration;
			buildSettings = {
				ASSETCATALOG_COMPILER_APPICON_NAME = AppIcon;
				DEVELOPMENT_TEAM = 53ECQCJXJ4;
				INFOPLIST_FILE = QRCodeReader/Info.plist;
				LD_RUNPATH_SEARCH_PATHS = "$(inherited) @executable_path/Frameworks";
				PRODUCT_BUNDLE_IDENTIFIER = com.sma.QRCodeReader;
				PRODUCT_NAME = "$(TARGET_NAME)";
				SWIFT_VERSION = 3.0;
			};
			name = Debug;
		};
		849B76981DC1DAB8001AAEB9 /* Release */ = {
			isa = XCBuildConfiguration;
			buildSettings = {
				ASSETCATALOG_COMPILER_APPICON_NAME = AppIcon;
				DEVELOPMENT_TEAM = 53ECQCJXJ4;
				INFOPLIST_FILE = QRCodeReader/Info.plist;
				LD_RUNPATH_SEARCH_PATHS = "$(inherited) @executable_path/Frameworks";
				PRODUCT_BUNDLE_IDENTIFIER = com.sma.QRCodeReader;
				PRODUCT_NAME = "$(TARGET_NAME)";
				SWIFT_VERSION = 3.0;
			};
			name = Release;
		};
/* End XCBuildConfiguration section */

/* Begin XCConfigurationList section */
		849B767F1DC1DAB7001AAEB9 /* Build configuration list for PBXProject "QRCodeReader" */ = {
			isa = XCConfigurationList;
			buildConfigurations = (
				849B76941DC1DAB8001AAEB9 /* Debug */,
				849B76951DC1DAB8001AAEB9 /* Release */,
			);
			defaultConfigurationIsVisible = 0;
			defaultConfigurationName = Release;
		};
		849B76961DC1DAB8001AAEB9 /* Build configuration list for PBXNativeTarget "QRCodeReader" */ = {
			isa = XCConfigurationList;
			buildConfigurations = (
				849B76971DC1DAB8001AAEB9 /* Debug */,
				849B76981DC1DAB8001AAEB9 /* Release */,
			);
			defaultConfigurationIsVisible = 0;
		};
/* End XCConfigurationList section */
	};
	rootObject = 849B767C1DC1DAB7001AAEB9 /* Project object */;
}
